
Microsoft Visual Studio Solution File, Format Version 12.00
# Visual Studio Version 17
VisualStudioVersion = 17.14.36518.9 d17.14
MinimumVisualStudioVersion = 10.0.40219.1
Project("{FAE04EC0-301F-11D3-BF4B-00C04F79EFBC}") = "ForteFraudDetection", "ForteFraudDetection\ForteFraudDetection.csproj", "{4661158E-61A3-444D-BB65-3E44BC564E92}"
EndProject
Project("{FAE04EC0-301F-11D3-BF4B-00C04F79EFBC}") = "ForteFraudDetection.Domain", "ForteFraudDetection.Domain\ForteFraudDetection.Domain.csproj", "{8DB80ACC-8769-4DC3-9F76-D15F1EE03FF2}"
EndProject
Project("{FAE04EC0-301F-11D3-BF4B-00C04F79EFBC}") = "ForteFraudDetection.Application", "ForteFraudDetection.Application\ForteFraudDetection.Application.csproj", "{2A238E32-4002-4957-8643-BAEA50FA9328}"
EndProject
Project("{FAE04EC0-301F-11D3-BF4B-00C04F79EFBC}") = "ForteFraudDetection.Infrastructure", "ForteFraudDetection.Infrastructure\ForteFraudDetection.Infrastructure.csproj", "{65FDFB2E-B361-4821-9C2A-BD2B2EAE7B97}"
EndProject
Global
	GlobalSection(SolutionConfigurationPlatforms) = preSolution
		Debug|Any CPU = Debug|Any CPU
		Release|Any CPU = Release|Any CPU
	EndGlobalSection
	GlobalSection(ProjectConfigurationPlatforms) = postSolution
		{4661158E-61A3-444D-BB65-3E44BC564E92}.Debug|Any CPU.ActiveCfg = Debug|Any CPU
		{4661158E-61A3-444D-BB65-3E44BC564E92}.Debug|Any CPU.Build.0 = Debug|Any CPU
		{4661158E-61A3-444D-BB65-3E44BC564E92}.Release|Any CPU.ActiveCfg = Release|Any CPU
		{4661158E-61A3-444D-BB65-3E44BC564E92}.Release|Any CPU.Build.0 = Release|Any CPU
		{8DB80ACC-8769-4DC3-9F76-D15F1EE03FF2}.Debug|Any CPU.ActiveCfg = Debug|Any CPU
		{8DB80ACC-8769-4DC3-9F76-D15F1EE03FF2}.Debug|Any CPU.Build.0 = Debug|Any CPU
		{8DB80ACC-8769-4DC3-9F76-D15F1EE03FF2}.Release|Any CPU.ActiveCfg = Release|Any CPU
		{8DB80ACC-8769-4DC3-9F76-D15F1EE03FF2}.Release|Any CPU.Build.0 = Release|Any CPU
		{2A238E32-4002-4957-8643-BAEA50FA9328}.Debug|Any CPU.ActiveCfg = Debug|Any CPU
		{2A238E32-4002-4957-8643-BAEA50FA9328}.Debug|Any CPU.Build.0 = Debug|Any CPU
		{2A238E32-4002-4957-8643-BAEA50FA9328}.Release|Any CPU.ActiveCfg = Release|Any CPU
		{2A238E32-4002-4957-8643-BAEA50FA9328}.Release|Any CPU.Build.0 = Release|Any CPU
		{65FDFB2E-B361-4821-9C2A-BD2B2EAE7B97}.Debug|Any CPU.ActiveCfg = Debug|Any CPU
		{65FDFB2E-B361-4821-9C2A-BD2B2EAE7B97}.Debug|Any CPU.Build.0 = Debug|Any CPU
		{65FDFB2E-B361-4821-9C2A-BD2B2EAE7B97}.Release|Any CPU.ActiveCfg = Release|Any CPU
		{65FDFB2E-B361-4821-9C2A-BD2B2EAE7B97}.Release|Any CPU.Build.0 = Release|Any CPU
	EndGlobalSection
	GlobalSection(SolutionProperties) = preSolution
		HideSolutionNode = FALSE
	EndGlobalSection
	GlobalSection(ExtensibilityGlobals) = postSolution
		SolutionGuid = {CA5D0454-D55B-46E2-A4C0-E93B95102BA0}
	EndGlobalSection
EndGlobal
